// !$*UTF8*$!
{
	archiveVersion = 1;
	classes = {
	};
	objectVersion = 46;
	objects = {

/* Begin PBXBuildFile section */
		FC4413043EDDD1D8CB54F6D8 /* libPods.a in Frameworks */ = {isa = PBXBuildFile; fileRef = 0BC332BFDBCCAACB72850117 /* libPods.a */; };
		FD00E6321C8C05020085E34F /* GVUserDefaults+library.m in Sources */ = {isa = PBXBuildFile; fileRef = FD00E6311C8C05020085E34F /* GVUserDefaults+library.m */; };
		FD00E6341C8C1FCF0085E34F /* libraries.plist in Resources */ = {isa = PBXBuildFile; fileRef = FD00E6331C8C1FCF0085E34F /* libraries.plist */; };
		FD2766931C9D78AE002926CB /* LibraryXidianViewController.m in Sources */ = {isa = PBXBuildFile; fileRef = FD2766921C9D78AE002926CB /* LibraryXidianViewController.m */; settings = {ASSET_TAGS = (); }; };
		FD54B50A1CA0175500732547 /* LibraryXAUTViewController.m in Sources */ = {isa = PBXBuildFile; fileRef = FD54B5091CA0175500732547 /* LibraryXAUTViewController.m */; settings = {ASSET_TAGS = (); }; };
		FD5853461C0C862500F4C5AF /* BookListModel.m in Sources */ = {isa = PBXBuildFile; fileRef = FD5853451C0C862500F4C5AF /* BookListModel.m */; };
		FD5853491C0C86A300F4C5AF /* RecommendedBookModel.m in Sources */ = {isa = PBXBuildFile; fileRef = FD5853481C0C86A300F4C5AF /* RecommendedBookModel.m */; };
		FD6B6AD71C2BCCC100EE517C /* DoubanBookModel.m in Sources */ = {isa = PBXBuildFile; fileRef = FD6B6AD61C2BCCC100EE517C /* DoubanBookModel.m */; };
		FD767F261CCFB38900AA4BED /* UIViewController+AddView.m in Sources */ = {isa = PBXBuildFile; fileRef = FD767F251CCFB38900AA4BED /* UIViewController+AddView.m */; settings = {ASSET_TAGS = (); }; };
		FD767F291CCFB3D800AA4BED /* HudView.m in Sources */ = {isa = PBXBuildFile; fileRef = FD767F281CCFB3D800AA4BED /* HudView.m */; settings = {ASSET_TAGS = (); }; };
		FD84A74A1C970D5F009B6172 /* TagsView.m in Sources */ = {isa = PBXBuildFile; fileRef = FD84A7491C970D5F009B6172 /* TagsView.m */; };
		FDA2D79E1C8AFAE500949D50 /* ChooseLibraryViewController.m in Sources */ = {isa = PBXBuildFile; fileRef = FDA2D79D1C8AFAE500949D50 /* ChooseLibraryViewController.m */; };
		FDB434A91C3AAB500040DDE1 /* tags.plist in Resources */ = {isa = PBXBuildFile; fileRef = FDB434A81C3AAB500040DDE1 /* tags.plist */; };
		FDC53A3B1C8954B00005A0E1 /* NewsTableViewCell.m in Sources */ = {isa = PBXBuildFile; fileRef = FDC53A381C8954B00005A0E1 /* NewsTableViewCell.m */; };
		FDC53A3C1C8954B00005A0E1 /* NewsView.m in Sources */ = {isa = PBXBuildFile; fileRef = FDC53A3A1C8954B00005A0E1 /* NewsView.m */; };
		FDC53A431C8956140005A0E1 /* BookTagCollectionReusableView.m in Sources */ = {isa = PBXBuildFile; fileRef = FDC53A3E1C8956140005A0E1 /* BookTagCollectionReusableView.m */; };
		FDC53A441C8956140005A0E1 /* BookTagCollectionViewCell.m in Sources */ = {isa = PBXBuildFile; fileRef = FDC53A401C8956140005A0E1 /* BookTagCollectionViewCell.m */; };
		FDC53A451C8956140005A0E1 /* BookTagSearchView.m in Sources */ = {isa = PBXBuildFile; fileRef = FDC53A421C8956140005A0E1 /* BookTagSearchView.m */; };
		FDC53A4C1C8956260005A0E1 /* BookContentTableViewCell.m in Sources */ = {isa = PBXBuildFile; fileRef = FDC53A471C8956260005A0E1 /* BookContentTableViewCell.m */; };
		FDC53A4D1C8956260005A0E1 /* BooklistTableViewCell.m in Sources */ = {isa = PBXBuildFile; fileRef = FDC53A491C8956260005A0E1 /* BooklistTableViewCell.m */; };
		FDC53A4E1C8956260005A0E1 /* DoubanContentTableViewCell.m in Sources */ = {isa = PBXBuildFile; fileRef = FDC53A4B1C8956260005A0E1 /* DoubanContentTableViewCell.m */; };
		FDC53A551C8957050005A0E1 /* BookTagContentViewController.m in Sources */ = {isa = PBXBuildFile; fileRef = FDC53A501C8957050005A0E1 /* BookTagContentViewController.m */; };
		FDC53A561C8957050005A0E1 /* BookTagListViewController.m in Sources */ = {isa = PBXBuildFile; fileRef = FDC53A521C8957050005A0E1 /* BookTagListViewController.m */; };
		FDC53A571C8957050005A0E1 /* BookTagViewController.m in Sources */ = {isa = PBXBuildFile; fileRef = FDC53A541C8957050005A0E1 /* BookTagViewController.m */; };
		FDC53A621C8957180005A0E1 /* BookContentChildViewController.m in Sources */ = {isa = PBXBuildFile; fileRef = FDC53A591C8957180005A0E1 /* BookContentChildViewController.m */; };
		FDC53A631C8957180005A0E1 /* BookListChildViewController.m in Sources */ = {isa = PBXBuildFile; fileRef = FDC53A5B1C8957180005A0E1 /* BookListChildViewController.m */; };
		FDC53A641C8957180005A0E1 /* RecommendBookChildViewController.m in Sources */ = {isa = PBXBuildFile; fileRef = FDC53A5D1C8957180005A0E1 /* RecommendBookChildViewController.m */; };
		FDC53A651C8957180005A0E1 /* SearchBooksViewController.m in Sources */ = {isa = PBXBuildFile; fileRef = FDC53A5F1C8957180005A0E1 /* SearchBooksViewController.m */; };
		FDC53A661C8957180005A0E1 /* ShowBooksMainViewController.m in Sources */ = {isa = PBXBuildFile; fileRef = FDC53A611C8957180005A0E1 /* ShowBooksMainViewController.m */; };
		FDC53A6B1C89572B0005A0E1 /* DetailNewsViewController.m in Sources */ = {isa = PBXBuildFile; fileRef = FDC53A681C89572B0005A0E1 /* DetailNewsViewController.m */; };
		FDC53A6C1C89572B0005A0E1 /* NewsViewController.m in Sources */ = {isa = PBXBuildFile; fileRef = FDC53A6A1C89572B0005A0E1 /* NewsViewController.m */; };
		FDEE5BE41BFCAA7C00AA0171 /* Helper.m in Sources */ = {isa = PBXBuildFile; fileRef = FDEE5BE31BFCAA7C00AA0171 /* Helper.m */; };
		FDF0734E1C9D4FB600AE3577 /* LibraryNPUViewController.m in Sources */ = {isa = PBXBuildFile; fileRef = FDF0734D1C9D4FB600AE3577 /* LibraryNPUViewController.m */; settings = {ASSET_TAGS = (); }; };
		FDF4D3BB1C01A5E400C27381 /* NewsModel.m in Sources */ = {isa = PBXBuildFile; fileRef = FDF4D3BA1C01A5E400C27381 /* NewsModel.m */; };
		FDF769741BFD56E300734ECA /* ParseHTML.m in Sources */ = {isa = PBXBuildFile; fileRef = FDF769731BFD56E300734ECA /* ParseHTML.m */; };
		FDF9CCD21BF8708B0070907D /* main.m in Sources */ = {isa = PBXBuildFile; fileRef = FDF9CCD11BF8708B0070907D /* main.m */; };
		FDF9CCD51BF8708B0070907D /* AppDelegate.m in Sources */ = {isa = PBXBuildFile; fileRef = FDF9CCD41BF8708B0070907D /* AppDelegate.m */; };
		FDF9CCDB1BF8708B0070907D /* Main.storyboard in Resources */ = {isa = PBXBuildFile; fileRef = FDF9CCD91BF8708B0070907D /* Main.storyboard */; };
		FDF9CCDD1BF8708B0070907D /* Images.xcassets in Resources */ = {isa = PBXBuildFile; fileRef = FDF9CCDC1BF8708B0070907D /* Images.xcassets */; };
		FDF9CCE01BF8708C0070907D /* LaunchScreen.xib in Resources */ = {isa = PBXBuildFile; fileRef = FDF9CCDE1BF8708C0070907D /* LaunchScreen.xib */; };
		FDF9CCEC1BF8708C0070907D /* ShaanxiProvinceLibraryTests.m in Sources */ = {isa = PBXBuildFile; fileRef = FDF9CCEB1BF8708C0070907D /* ShaanxiProvinceLibraryTests.m */; };
		FDF9CCF61BF89E670070907D /* libxml2.2.dylib in Frameworks */ = {isa = PBXBuildFile; fileRef = FDF9CCF51BF89E670070907D /* libxml2.2.dylib */; };
		FDFBB8921BFB5AF50072CC8A /* MottoModel.m in Sources */ = {isa = PBXBuildFile; fileRef = FDFBB8911BFB5AF50072CC8A /* MottoModel.m */; };
/* End PBXBuildFile section */

/* Begin PBXContainerItemProxy section */
		FDF9CCE61BF8708C0070907D /* PBXContainerItemProxy */ = {
			isa = PBXContainerItemProxy;
			containerPortal = FDF9CCC41BF8708B0070907D /* Project object */;
			proxyType = 1;
			remoteGlobalIDString = FDF9CCCB1BF8708B0070907D;
			remoteInfo = ShaanxiProvinceLibrary;
		};
/* End PBXContainerItemProxy section */

/* Begin PBXFileReference section */
		0BC332BFDBCCAACB72850117 /* libPods.a */ = {isa = PBXFileReference; explicitFileType = archive.ar; includeInIndex = 0; path = libPods.a; sourceTree = BUILT_PRODUCTS_DIR; };
		284D3A173B5461CA08E335A5 /* Pods.release.xcconfig */ = {isa = PBXFileReference; includeInIndex = 1; lastKnownFileType = text.xcconfig; name = Pods.release.xcconfig; path = "Pods/Target Support Files/Pods/Pods.release.xcconfig"; sourceTree = "<group>"; };
		3549C13BCD7A2A195377D6A1 /* Pods.debug.xcconfig */ = {isa = PBXFileReference; includeInIndex = 1; lastKnownFileType = text.xcconfig; name = Pods.debug.xcconfig; path = "Pods/Target Support Files/Pods/Pods.debug.xcconfig"; sourceTree = "<group>"; };
		FD00E6301C8C05020085E34F /* GVUserDefaults+library.h */ = {isa = PBXFileReference; fileEncoding = 4; lastKnownFileType = sourcecode.c.h; name = "GVUserDefaults+library.h"; path = "Manager/GVUserDefaults+library.h"; sourceTree = "<group>"; };
		FD00E6311C8C05020085E34F /* GVUserDefaults+library.m */ = {isa = PBXFileReference; fileEncoding = 4; lastKnownFileType = sourcecode.c.objc; name = "GVUserDefaults+library.m"; path = "Manager/GVUserDefaults+library.m"; sourceTree = "<group>"; };
		FD00E6331C8C1FCF0085E34F /* libraries.plist */ = {isa = PBXFileReference; fileEncoding = 4; lastKnownFileType = text.plist.xml; name = libraries.plist; path = Resource/libraries.plist; sourceTree = "<group>"; };
		FD2766911C9D78AE002926CB /* LibraryXidianViewController.h */ = {isa = PBXFileReference; fileEncoding = 4; lastKnownFileType = sourcecode.c.h; path = LibraryXidianViewController.h; sourceTree = "<group>"; };
		FD2766921C9D78AE002926CB /* LibraryXidianViewController.m */ = {isa = PBXFileReference; fileEncoding = 4; lastKnownFileType = sourcecode.c.objc; path = LibraryXidianViewController.m; sourceTree = "<group>"; };
		FD54B5081CA0175500732547 /* LibraryXAUTViewController.h */ = {isa = PBXFileReference; fileEncoding = 4; lastKnownFileType = sourcecode.c.h; path = LibraryXAUTViewController.h; sourceTree = "<group>"; };
		FD54B5091CA0175500732547 /* LibraryXAUTViewController.m */ = {isa = PBXFileReference; fileEncoding = 4; lastKnownFileType = sourcecode.c.objc; path = LibraryXAUTViewController.m; sourceTree = "<group>"; };
		FD5853441C0C862500F4C5AF /* BookListModel.h */ = {isa = PBXFileReference; fileEncoding = 4; lastKnownFileType = sourcecode.c.h; name = BookListModel.h; path = Model/BookListModel.h; sourceTree = "<group>"; };
		FD5853451C0C862500F4C5AF /* BookListModel.m */ = {isa = PBXFileReference; fileEncoding = 4; lastKnownFileType = sourcecode.c.objc; name = BookListModel.m; path = Model/BookListModel.m; sourceTree = "<group>"; };
		FD5853471C0C86A300F4C5AF /* RecommendedBookModel.h */ = {isa = PBXFileReference; fileEncoding = 4; lastKnownFileType = sourcecode.c.h; name = RecommendedBookModel.h; path = Model/RecommendedBookModel.h; sourceTree = "<group>"; };
		FD5853481C0C86A300F4C5AF /* RecommendedBookModel.m */ = {isa = PBXFileReference; fileEncoding = 4; lastKnownFileType = sourcecode.c.objc; name = RecommendedBookModel.m; path = Model/RecommendedBookModel.m; sourceTree = "<group>"; };
		FD6B6AD51C2BCCC100EE517C /* DoubanBookModel.h */ = {isa = PBXFileReference; fileEncoding = 4; lastKnownFileType = sourcecode.c.h; name = DoubanBookModel.h; path = Model/DoubanBookModel.h; sourceTree = "<group>"; };
		FD6B6AD61C2BCCC100EE517C /* DoubanBookModel.m */ = {isa = PBXFileReference; fileEncoding = 4; lastKnownFileType = sourcecode.c.objc; name = DoubanBookModel.m; path = Model/DoubanBookModel.m; sourceTree = "<group>"; };
		FD767F241CCFB38900AA4BED /* UIViewController+AddView.h */ = {isa = PBXFileReference; fileEncoding = 4; lastKnownFileType = sourcecode.c.h; name = "UIViewController+AddView.h"; path = "Helper/UIViewController+AddView.h"; sourceTree = "<group>"; };
		FD767F251CCFB38900AA4BED /* UIViewController+AddView.m */ = {isa = PBXFileReference; fileEncoding = 4; lastKnownFileType = sourcecode.c.objc; name = "UIViewController+AddView.m"; path = "Helper/UIViewController+AddView.m"; sourceTree = "<group>"; };
		FD767F271CCFB3D800AA4BED /* HudView.h */ = {isa = PBXFileReference; fileEncoding = 4; lastKnownFileType = sourcecode.c.h; name = HudView.h; path = Helper/HudView.h; sourceTree = "<group>"; };
		FD767F281CCFB3D800AA4BED /* HudView.m */ = {isa = PBXFileReference; fileEncoding = 4; lastKnownFileType = sourcecode.c.objc; name = HudView.m; path = Helper/HudView.m; sourceTree = "<group>"; };
		FD84A7481C970D5F009B6172 /* TagsView.h */ = {isa = PBXFileReference; fileEncoding = 4; lastKnownFileType = sourcecode.c.h; name = TagsView.h; path = View/BookTag/TagsView.h; sourceTree = "<group>"; };
		FD84A7491C970D5F009B6172 /* TagsView.m */ = {isa = PBXFileReference; fileEncoding = 4; lastKnownFileType = sourcecode.c.objc; name = TagsView.m; path = View/BookTag/TagsView.m; sourceTree = "<group>"; };
		FDA2D79C1C8AFAE500949D50 /* ChooseLibraryViewController.h */ = {isa = PBXFileReference; fileEncoding = 4; lastKnownFileType = sourcecode.c.h; name = ChooseLibraryViewController.h; path = Controllers/chooseLibrary/ChooseLibraryViewController.h; sourceTree = "<group>"; };
		FDA2D79D1C8AFAE500949D50 /* ChooseLibraryViewController.m */ = {isa = PBXFileReference; fileEncoding = 4; lastKnownFileType = sourcecode.c.objc; name = ChooseLibraryViewController.m; path = Controllers/chooseLibrary/ChooseLibraryViewController.m; sourceTree = "<group>"; };
		FDB434A81C3AAB500040DDE1 /* tags.plist */ = {isa = PBXFileReference; fileEncoding = 4; lastKnownFileType = text.plist.xml; name = tags.plist; path = Resource/tags.plist; sourceTree = "<group>"; };
		FDC53A371C8954B00005A0E1 /* NewsTableViewCell.h */ = {isa = PBXFileReference; fileEncoding = 4; lastKnownFileType = sourcecode.c.h; name = NewsTableViewCell.h; path = View/News/NewsTableViewCell.h; sourceTree = "<group>"; };
		FDC53A381C8954B00005A0E1 /* NewsTableViewCell.m */ = {isa = PBXFileReference; fileEncoding = 4; lastKnownFileType = sourcecode.c.objc; name = NewsTableViewCell.m; path = View/News/NewsTableViewCell.m; sourceTree = "<group>"; };
		FDC53A391C8954B00005A0E1 /* NewsView.h */ = {isa = PBXFileReference; fileEncoding = 4; lastKnownFileType = sourcecode.c.h; name = NewsView.h; path = View/News/NewsView.h; sourceTree = "<group>"; };
		FDC53A3A1C8954B00005A0E1 /* NewsView.m */ = {isa = PBXFileReference; fileEncoding = 4; lastKnownFileType = sourcecode.c.objc; name = NewsView.m; path = View/News/NewsView.m; sourceTree = "<group>"; };
		FDC53A3D1C8956140005A0E1 /* BookTagCollectionReusableView.h */ = {isa = PBXFileReference; fileEncoding = 4; lastKnownFileType = sourcecode.c.h; name = BookTagCollectionReusableView.h; path = View/BookTag/BookTagCollectionReusableView.h; sourceTree = "<group>"; };
		FDC53A3E1C8956140005A0E1 /* BookTagCollectionReusableView.m */ = {isa = PBXFileReference; fileEncoding = 4; lastKnownFileType = sourcecode.c.objc; name = BookTagCollectionReusableView.m; path = View/BookTag/BookTagCollectionReusableView.m; sourceTree = "<group>"; };
		FDC53A3F1C8956140005A0E1 /* BookTagCollectionViewCell.h */ = {isa = PBXFileReference; fileEncoding = 4; lastKnownFileType = sourcecode.c.h; name = BookTagCollectionViewCell.h; path = View/BookTag/BookTagCollectionViewCell.h; sourceTree = "<group>"; };
		FDC53A401C8956140005A0E1 /* BookTagCollectionViewCell.m */ = {isa = PBXFileReference; fileEncoding = 4; lastKnownFileType = sourcecode.c.objc; name = BookTagCollectionViewCell.m; path = View/BookTag/BookTagCollectionViewCell.m; sourceTree = "<group>"; };
		FDC53A411C8956140005A0E1 /* BookTagSearchView.h */ = {isa = PBXFileReference; fileEncoding = 4; lastKnownFileType = sourcecode.c.h; name = BookTagSearchView.h; path = View/BookTag/BookTagSearchView.h; sourceTree = "<group>"; };
		FDC53A421C8956140005A0E1 /* BookTagSearchView.m */ = {isa = PBXFileReference; fileEncoding = 4; lastKnownFileType = sourcecode.c.objc; name = BookTagSearchView.m; path = View/BookTag/BookTagSearchView.m; sourceTree = "<group>"; };
		FDC53A461C8956260005A0E1 /* BookContentTableViewCell.h */ = {isa = PBXFileReference; fileEncoding = 4; lastKnownFileType = sourcecode.c.h; name = BookContentTableViewCell.h; path = View/SearchBooks/BookContentTableViewCell.h; sourceTree = "<group>"; };
		FDC53A471C8956260005A0E1 /* BookContentTableViewCell.m */ = {isa = PBXFileReference; fileEncoding = 4; lastKnownFileType = sourcecode.c.objc; name = BookContentTableViewCell.m; path = View/SearchBooks/BookContentTableViewCell.m; sourceTree = "<group>"; };
		FDC53A481C8956260005A0E1 /* BooklistTableViewCell.h */ = {isa = PBXFileReference; fileEncoding = 4; lastKnownFileType = sourcecode.c.h; name = BooklistTableViewCell.h; path = View/SearchBooks/BooklistTableViewCell.h; sourceTree = "<group>"; };
		FDC53A491C8956260005A0E1 /* BooklistTableViewCell.m */ = {isa = PBXFileReference; fileEncoding = 4; lastKnownFileType = sourcecode.c.objc; name = BooklistTableViewCell.m; path = View/SearchBooks/BooklistTableViewCell.m; sourceTree = "<group>"; };
		FDC53A4A1C8956260005A0E1 /* DoubanContentTableViewCell.h */ = {isa = PBXFileReference; fileEncoding = 4; lastKnownFileType = sourcecode.c.h; name = DoubanContentTableViewCell.h; path = View/SearchBooks/DoubanContentTableViewCell.h; sourceTree = "<group>"; };
		FDC53A4B1C8956260005A0E1 /* DoubanContentTableViewCell.m */ = {isa = PBXFileReference; fileEncoding = 4; lastKnownFileType = sourcecode.c.objc; name = DoubanContentTableViewCell.m; path = View/SearchBooks/DoubanContentTableViewCell.m; sourceTree = "<group>"; };
		FDC53A4F1C8957050005A0E1 /* BookTagContentViewController.h */ = {isa = PBXFileReference; fileEncoding = 4; lastKnownFileType = sourcecode.c.h; name = BookTagContentViewController.h; path = Controllers/bookTag/BookTagContentViewController.h; sourceTree = "<group>"; };
		FDC53A501C8957050005A0E1 /* BookTagContentViewController.m */ = {isa = PBXFileReference; fileEncoding = 4; lastKnownFileType = sourcecode.c.objc; name = BookTagContentViewController.m; path = Controllers/bookTag/BookTagContentViewController.m; sourceTree = "<group>"; };
		FDC53A511C8957050005A0E1 /* BookTagListViewController.h */ = {isa = PBXFileReference; fileEncoding = 4; lastKnownFileType = sourcecode.c.h; name = BookTagListViewController.h; path = Controllers/bookTag/BookTagListViewController.h; sourceTree = "<group>"; };
		FDC53A521C8957050005A0E1 /* BookTagListViewController.m */ = {isa = PBXFileReference; fileEncoding = 4; lastKnownFileType = sourcecode.c.objc; name = BookTagListViewController.m; path = Controllers/bookTag/BookTagListViewController.m; sourceTree = "<group>"; };
		FDC53A531C8957050005A0E1 /* BookTagViewController.h */ = {isa = PBXFileReference; fileEncoding = 4; lastKnownFileType = sourcecode.c.h; name = BookTagViewController.h; path = Controllers/bookTag/BookTagViewController.h; sourceTree = "<group>"; };
		FDC53A541C8957050005A0E1 /* BookTagViewController.m */ = {isa = PBXFileReference; fileEncoding = 4; lastKnownFileType = sourcecode.c.objc; name = BookTagViewController.m; path = Controllers/bookTag/BookTagViewController.m; sourceTree = "<group>"; };
		FDC53A581C8957180005A0E1 /* BookContentChildViewController.h */ = {isa = PBXFileReference; fileEncoding = 4; lastKnownFileType = sourcecode.c.h; name = BookContentChildViewController.h; path = Controllers/SearchBooks/BookContentChildViewController.h; sourceTree = "<group>"; };
		FDC53A591C8957180005A0E1 /* BookContentChildViewController.m */ = {isa = PBXFileReference; fileEncoding = 4; lastKnownFileType = sourcecode.c.objc; name = BookContentChildViewController.m; path = Controllers/SearchBooks/BookContentChildViewController.m; sourceTree = "<group>"; };
		FDC53A5A1C8957180005A0E1 /* BookListChildViewController.h */ = {isa = PBXFileReference; fileEncoding = 4; lastKnownFileType = sourcecode.c.h; name = BookListChildViewController.h; path = Controllers/SearchBooks/BookListChildViewController.h; sourceTree = "<group>"; };
		FDC53A5B1C8957180005A0E1 /* BookListChildViewController.m */ = {isa = PBXFileReference; fileEncoding = 4; lastKnownFileType = sourcecode.c.objc; name = BookListChildViewController.m; path = Controllers/SearchBooks/BookListChildViewController.m; sourceTree = "<group>"; };
		FDC53A5C1C8957180005A0E1 /* RecommendBookChildViewController.h */ = {isa = PBXFileReference; fileEncoding = 4; lastKnownFileType = sourcecode.c.h; name = RecommendBookChildViewController.h; path = Controllers/SearchBooks/RecommendBookChildViewController.h; sourceTree = "<group>"; };
		FDC53A5D1C8957180005A0E1 /* RecommendBookChildViewController.m */ = {isa = PBXFileReference; fileEncoding = 4; lastKnownFileType = sourcecode.c.objc; name = RecommendBookChildViewController.m; path = Controllers/SearchBooks/RecommendBookChildViewController.m; sourceTree = "<group>"; };
		FDC53A5E1C8957180005A0E1 /* SearchBooksViewController.h */ = {isa = PBXFileReference; fileEncoding = 4; lastKnownFileType = sourcecode.c.h; name = SearchBooksViewController.h; path = Controllers/SearchBooks/SearchBooksViewController.h; sourceTree = "<group>"; };
		FDC53A5F1C8957180005A0E1 /* SearchBooksViewController.m */ = {isa = PBXFileReference; fileEncoding = 4; lastKnownFileType = sourcecode.c.objc; name = SearchBooksViewController.m; path = Controllers/SearchBooks/SearchBooksViewController.m; sourceTree = "<group>"; };
		FDC53A601C8957180005A0E1 /* ShowBooksMainViewController.h */ = {isa = PBXFileReference; fileEncoding = 4; lastKnownFileType = sourcecode.c.h; name = ShowBooksMainViewController.h; path = Controllers/SearchBooks/ShowBooksMainViewController.h; sourceTree = "<group>"; };
		FDC53A611C8957180005A0E1 /* ShowBooksMainViewController.m */ = {isa = PBXFileReference; fileEncoding = 4; lastKnownFileType = sourcecode.c.objc; name = ShowBooksMainViewController.m; path = Controllers/SearchBooks/ShowBooksMainViewController.m; sourceTree = "<group>"; };
		FDC53A671C89572B0005A0E1 /* DetailNewsViewController.h */ = {isa = PBXFileReference; fileEncoding = 4; lastKnownFileType = sourcecode.c.h; name = DetailNewsViewController.h; path = Controllers/News/DetailNewsViewController.h; sourceTree = "<group>"; };
		FDC53A681C89572B0005A0E1 /* DetailNewsViewController.m */ = {isa = PBXFileReference; fileEncoding = 4; lastKnownFileType = sourcecode.c.objc; name = DetailNewsViewController.m; path = Controllers/News/DetailNewsViewController.m; sourceTree = "<group>"; };
		FDC53A691C89572B0005A0E1 /* NewsViewController.h */ = {isa = PBXFileReference; fileEncoding = 4; lastKnownFileType = sourcecode.c.h; name = NewsViewController.h; path = Controllers/News/NewsViewController.h; sourceTree = "<group>"; };
		FDC53A6A1C89572B0005A0E1 /* NewsViewController.m */ = {isa = PBXFileReference; fileEncoding = 4; lastKnownFileType = sourcecode.c.objc; name = NewsViewController.m; path = Controllers/News/NewsViewController.m; sourceTree = "<group>"; };
		FDEE5BE21BFCAA7C00AA0171 /* Helper.h */ = {isa = PBXFileReference; fileEncoding = 4; lastKnownFileType = sourcecode.c.h; name = Helper.h; path = Helper/Helper.h; sourceTree = "<group>"; };
		FDEE5BE31BFCAA7C00AA0171 /* Helper.m */ = {isa = PBXFileReference; fileEncoding = 4; lastKnownFileType = sourcecode.c.objc; name = Helper.m; path = Helper/Helper.m; sourceTree = "<group>"; };
		FDF0734C1C9D4FB600AE3577 /* LibraryNPUViewController.h */ = {isa = PBXFileReference; fileEncoding = 4; lastKnownFileType = sourcecode.c.h; path = LibraryNPUViewController.h; sourceTree = "<group>"; };
		FDF0734D1C9D4FB600AE3577 /* LibraryNPUViewController.m */ = {isa = PBXFileReference; fileEncoding = 4; lastKnownFileType = sourcecode.c.objc; path = LibraryNPUViewController.m; sourceTree = "<group>"; };
		FDF4D3B91C01A5E400C27381 /* NewsModel.h */ = {isa = PBXFileReference; fileEncoding = 4; lastKnownFileType = sourcecode.c.h; name = NewsModel.h; path = Model/NewsModel.h; sourceTree = "<group>"; };
		FDF4D3BA1C01A5E400C27381 /* NewsModel.m */ = {isa = PBXFileReference; fileEncoding = 4; lastKnownFileType = sourcecode.c.objc; name = NewsModel.m; path = Model/NewsModel.m; sourceTree = "<group>"; };
		FDF769721BFD56E300734ECA /* ParseHTML.h */ = {isa = PBXFileReference; fileEncoding = 4; lastKnownFileType = sourcecode.c.h; name = ParseHTML.h; path = Manager/ParseHTML.h; sourceTree = "<group>"; };
		FDF769731BFD56E300734ECA /* ParseHTML.m */ = {isa = PBXFileReference; fileEncoding = 4; lastKnownFileType = sourcecode.c.objc; name = ParseHTML.m; path = Manager/ParseHTML.m; sourceTree = "<group>"; };
		FDF9CCCC1BF8708B0070907D /* ShaanxiProvinceLibrary.app */ = {isa = PBXFileReference; explicitFileType = wrapper.application; includeInIndex = 0; path = ShaanxiProvinceLibrary.app; sourceTree = BUILT_PRODUCTS_DIR; };
		FDF9CCD01BF8708B0070907D /* Info.plist */ = {isa = PBXFileReference; lastKnownFileType = text.plist.xml; path = Info.plist; sourceTree = "<group>"; };
		FDF9CCD11BF8708B0070907D /* main.m */ = {isa = PBXFileReference; lastKnownFileType = sourcecode.c.objc; path = main.m; sourceTree = "<group>"; };
		FDF9CCD31BF8708B0070907D /* AppDelegate.h */ = {isa = PBXFileReference; lastKnownFileType = sourcecode.c.h; path = AppDelegate.h; sourceTree = "<group>"; };
		FDF9CCD41BF8708B0070907D /* AppDelegate.m */ = {isa = PBXFileReference; lastKnownFileType = sourcecode.c.objc; path = AppDelegate.m; sourceTree = "<group>"; };
		FDF9CCDA1BF8708B0070907D /* Base */ = {isa = PBXFileReference; lastKnownFileType = file.storyboard; name = Base; path = Base.lproj/Main.storyboard; sourceTree = "<group>"; };
		FDF9CCDC1BF8708B0070907D /* Images.xcassets */ = {isa = PBXFileReference; lastKnownFileType = folder.assetcatalog; path = Images.xcassets; sourceTree = "<group>"; };
		FDF9CCDF1BF8708C0070907D /* Base */ = {isa = PBXFileReference; lastKnownFileType = file.xib; name = Base; path = Base.lproj/LaunchScreen.xib; sourceTree = "<group>"; };
		FDF9CCE51BF8708C0070907D /* ShaanxiProvinceLibraryTests.xctest */ = {isa = PBXFileReference; explicitFileType = wrapper.cfbundle; includeInIndex = 0; path = ShaanxiProvinceLibraryTests.xctest; sourceTree = BUILT_PRODUCTS_DIR; };
		FDF9CCEA1BF8708C0070907D /* Info.plist */ = {isa = PBXFileReference; lastKnownFileType = text.plist.xml; path = Info.plist; sourceTree = "<group>"; };
		FDF9CCEB1BF8708C0070907D /* ShaanxiProvinceLibraryTests.m */ = {isa = PBXFileReference; lastKnownFileType = sourcecode.c.objc; path = ShaanxiProvinceLibraryTests.m; sourceTree = "<group>"; };
		FDF9CCF51BF89E670070907D /* libxml2.2.dylib */ = {isa = PBXFileReference; lastKnownFileType = "compiled.mach-o.dylib"; name = libxml2.2.dylib; path = usr/lib/libxml2.2.dylib; sourceTree = SDKROOT; };
		FDFBB8901BFB5AF50072CC8A /* MottoModel.h */ = {isa = PBXFileReference; fileEncoding = 4; lastKnownFileType = sourcecode.c.h; name = MottoModel.h; path = Model/MottoModel.h; sourceTree = "<group>"; };
		FDFBB8911BFB5AF50072CC8A /* MottoModel.m */ = {isa = PBXFileReference; fileEncoding = 4; lastKnownFileType = sourcecode.c.objc; name = MottoModel.m; path = Model/MottoModel.m; sourceTree = "<group>"; };
/* End PBXFileReference section */

/* Begin PBXFrameworksBuildPhase section */
		FDF9CCC91BF8708B0070907D /* Frameworks */ = {
			isa = PBXFrameworksBuildPhase;
			buildActionMask = 2147483647;
			files = (
				FDF9CCF61BF89E670070907D /* libxml2.2.dylib in Frameworks */,
				FC4413043EDDD1D8CB54F6D8 /* libPods.a in Frameworks */,
			);
			runOnlyForDeploymentPostprocessing = 0;
		};
		FDF9CCE21BF8708C0070907D /* Frameworks */ = {
			isa = PBXFrameworksBuildPhase;
			buildActionMask = 2147483647;
			files = (
			);
			runOnlyForDeploymentPostprocessing = 0;
		};
/* End PBXFrameworksBuildPhase section */

/* Begin PBXGroup section */
		97D1298949C9C095495DFF9E /* Pods */ = {
			isa = PBXGroup;
			children = (
				3549C13BCD7A2A195377D6A1 /* Pods.debug.xcconfig */,
				284D3A173B5461CA08E335A5 /* Pods.release.xcconfig */,
			);
			name = Pods;
			sourceTree = "<group>";
		};
		BA3F4F548A175BBBE57B3B36 /* Frameworks */ = {
			isa = PBXGroup;
			children = (
				FDF9CCF51BF89E670070907D /* libxml2.2.dylib */,
				0BC332BFDBCCAACB72850117 /* libPods.a */,
			);
			name = Frameworks;
			sourceTree = "<group>";
		};
		FD1A321D1BF8C55C00A8B6A7 /* Controller */ = {
			isa = PBXGroup;
			children = (
				FDA2D7981C8AFA2300949D50 /* ChooseLibrary */,
				FD4F58971C32D7940080C283 /* bookTag */,
				FDF2871A1C1D9FD400A48ACF /* Suggestion */,
				FDFE0A991C089A3A008AE8FC /* SearchBooks */,
				FDFE0A981C089A25008AE8FC /* News */,
			);
			name = Controller;
			sourceTree = "<group>";
		};
		FD1A321E1BF8C56F00A8B6A7 /* Model */ = {
			isa = PBXGroup;
			children = (
				FDFBB8901BFB5AF50072CC8A /* MottoModel.h */,
				FDFBB8911BFB5AF50072CC8A /* MottoModel.m */,
				FDF4D3B91C01A5E400C27381 /* NewsModel.h */,
				FDF4D3BA1C01A5E400C27381 /* NewsModel.m */,
				FD5853441C0C862500F4C5AF /* BookListModel.h */,
				FD5853451C0C862500F4C5AF /* BookListModel.m */,
				FD5853471C0C86A300F4C5AF /* RecommendedBookModel.h */,
				FD5853481C0C86A300F4C5AF /* RecommendedBookModel.m */,
				FD6B6AD51C2BCCC100EE517C /* DoubanBookModel.h */,
				FD6B6AD61C2BCCC100EE517C /* DoubanBookModel.m */,
			);
			name = Model;
			sourceTree = "<group>";
		};
		FD1A321F1BF8C57A00A8B6A7 /* View */ = {
			isa = PBXGroup;
			children = (
				FDF2C8B31C3361840071E241 /* BookTag */,
				FDF2C8B21C33616F0071E241 /* SearchBooks */,
				FDF2C8B11C33615D0071E241 /* News */,
			);
			name = View;
			sourceTree = "<group>";
		};
		FD1A32201BF8C58200A8B6A7 /* Manager */ = {
			isa = PBXGroup;
			children = (
				FDF769721BFD56E300734ECA /* ParseHTML.h */,
				FDF769731BFD56E300734ECA /* ParseHTML.m */,
				FD00E6301C8C05020085E34F /* GVUserDefaults+library.h */,
				FD00E6311C8C05020085E34F /* GVUserDefaults+library.m */,
			);
			name = Manager;
			sourceTree = "<group>";
		};
		FD1A32211BF8C5AD00A8B6A7 /* Helper */ = {
			isa = PBXGroup;
			children = (
				FD767F271CCFB3D800AA4BED /* HudView.h */,
				FD767F281CCFB3D800AA4BED /* HudView.m */,
				FD767F241CCFB38900AA4BED /* UIViewController+AddView.h */,
				FD767F251CCFB38900AA4BED /* UIViewController+AddView.m */,
				FDEE5BE21BFCAA7C00AA0171 /* Helper.h */,
				FDEE5BE31BFCAA7C00AA0171 /* Helper.m */,
			);
			name = Helper;
			sourceTree = "<group>";
		};
		FD4F58971C32D7940080C283 /* bookTag */ = {
			isa = PBXGroup;
			children = (
				FDC53A4F1C8957050005A0E1 /* BookTagContentViewController.h */,
				FDC53A501C8957050005A0E1 /* BookTagContentViewController.m */,
				FDC53A511C8957050005A0E1 /* BookTagListViewController.h */,
				FDC53A521C8957050005A0E1 /* BookTagListViewController.m */,
				FDC53A531C8957050005A0E1 /* BookTagViewController.h */,
				FDC53A541C8957050005A0E1 /* BookTagViewController.m */,
			);
			name = bookTag;
			sourceTree = "<group>";
		};
		FDA2D7981C8AFA2300949D50 /* ChooseLibrary */ = {
			isa = PBXGroup;
			children = (
				FDA2D79C1C8AFAE500949D50 /* ChooseLibraryViewController.h */,
				FDA2D79D1C8AFAE500949D50 /* ChooseLibraryViewController.m */,
			);
			name = ChooseLibrary;
			sourceTree = "<group>";
		};
		FDF073391C9D4D0200AE3577 /* SchoolLibrary */ = {
			isa = PBXGroup;
			children = (
				FDF0734C1C9D4FB600AE3577 /* LibraryNPUViewController.h */,
				FDF0734D1C9D4FB600AE3577 /* LibraryNPUViewController.m */,
				FD2766911C9D78AE002926CB /* LibraryXidianViewController.h */,
				FD2766921C9D78AE002926CB /* LibraryXidianViewController.m */,
				FD54B5081CA0175500732547 /* LibraryXAUTViewController.h */,
				FD54B5091CA0175500732547 /* LibraryXAUTViewController.m */,
			);
			path = SchoolLibrary;
			sourceTree = "<group>";
		};
		FDF2871A1C1D9FD400A48ACF /* Suggestion */ = {
			isa = PBXGroup;
			children = (
			);
			name = Suggestion;
			sourceTree = "<group>";
		};
		FDF2C8B11C33615D0071E241 /* News */ = {
			isa = PBXGroup;
			children = (
				FDC53A371C8954B00005A0E1 /* NewsTableViewCell.h */,
				FDC53A381C8954B00005A0E1 /* NewsTableViewCell.m */,
				FDC53A391C8954B00005A0E1 /* NewsView.h */,
				FDC53A3A1C8954B00005A0E1 /* NewsView.m */,
			);
			name = News;
			sourceTree = "<group>";
		};
		FDF2C8B21C33616F0071E241 /* SearchBooks */ = {
			isa = PBXGroup;
			children = (
				FDC53A461C8956260005A0E1 /* BookContentTableViewCell.h */,
				FDC53A471C8956260005A0E1 /* BookContentTableViewCell.m */,
				FDC53A481C8956260005A0E1 /* BooklistTableViewCell.h */,
				FDC53A491C8956260005A0E1 /* BooklistTableViewCell.m */,
				FDC53A4A1C8956260005A0E1 /* DoubanContentTableViewCell.h */,
				FDC53A4B1C8956260005A0E1 /* DoubanContentTableViewCell.m */,
			);
			name = SearchBooks;
			sourceTree = "<group>";
		};
		FDF2C8B31C3361840071E241 /* BookTag */ = {
			isa = PBXGroup;
			children = (
				FDC53A3D1C8956140005A0E1 /* BookTagCollectionReusableView.h */,
				FDC53A3E1C8956140005A0E1 /* BookTagCollectionReusableView.m */,
				FDC53A3F1C8956140005A0E1 /* BookTagCollectionViewCell.h */,
				FDC53A401C8956140005A0E1 /* BookTagCollectionViewCell.m */,
				FDC53A411C8956140005A0E1 /* BookTagSearchView.h */,
				FDC53A421C8956140005A0E1 /* BookTagSearchView.m */,
				FD84A7481C970D5F009B6172 /* TagsView.h */,
				FD84A7491C970D5F009B6172 /* TagsView.m */,
			);
			name = BookTag;
			sourceTree = "<group>";
		};
		FDF907F61C355AE400ACC2DA /* Resource */ = {
			isa = PBXGroup;
			children = (
				FD00E6331C8C1FCF0085E34F /* libraries.plist */,
				FDB434A81C3AAB500040DDE1 /* tags.plist */,
			);
			name = Resource;
			sourceTree = "<group>";
		};
		FDF9CCC31BF8708B0070907D = {
			isa = PBXGroup;
			children = (
				FDF9CCCE1BF8708B0070907D /* ShaanxiProvinceLibrary */,
				FDF9CCE81BF8708C0070907D /* ShaanxiProvinceLibraryTests */,
				FDF9CCCD1BF8708B0070907D /* Products */,
				97D1298949C9C095495DFF9E /* Pods */,
				BA3F4F548A175BBBE57B3B36 /* Frameworks */,
			);
			sourceTree = "<group>";
		};
		FDF9CCCD1BF8708B0070907D /* Products */ = {
			isa = PBXGroup;
			children = (
				FDF9CCCC1BF8708B0070907D /* ShaanxiProvinceLibrary.app */,
				FDF9CCE51BF8708C0070907D /* ShaanxiProvinceLibraryTests.xctest */,
			);
			name = Products;
			sourceTree = "<group>";
		};
		FDF9CCCE1BF8708B0070907D /* ShaanxiProvinceLibrary */ = {
			isa = PBXGroup;
			children = (
				FDF073391C9D4D0200AE3577 /* SchoolLibrary */,
				FD1A32211BF8C5AD00A8B6A7 /* Helper */,
				FD1A32201BF8C58200A8B6A7 /* Manager */,
				FD1A321F1BF8C57A00A8B6A7 /* View */,
				FD1A321E1BF8C56F00A8B6A7 /* Model */,
				FD1A321D1BF8C55C00A8B6A7 /* Controller */,
				FDF9CCD31BF8708B0070907D /* AppDelegate.h */,
				FDF9CCD41BF8708B0070907D /* AppDelegate.m */,
				FDF9CCD91BF8708B0070907D /* Main.storyboard */,
				FDF9CCDC1BF8708B0070907D /* Images.xcassets */,
				FDF9CCDE1BF8708C0070907D /* LaunchScreen.xib */,
				FDF907F61C355AE400ACC2DA /* Resource */,
				FDF9CCCF1BF8708B0070907D /* Supporting Files */,
			);
			path = ShaanxiProvinceLibrary;
			sourceTree = "<group>";
		};
		FDF9CCCF1BF8708B0070907D /* Supporting Files */ = {
			isa = PBXGroup;
			children = (
				FDF9CCD01BF8708B0070907D /* Info.plist */,
				FDF9CCD11BF8708B0070907D /* main.m */,
			);
			name = "Supporting Files";
			sourceTree = "<group>";
		};
		FDF9CCE81BF8708C0070907D /* ShaanxiProvinceLibraryTests */ = {
			isa = PBXGroup;
			children = (
				FDF9CCEB1BF8708C0070907D /* ShaanxiProvinceLibraryTests.m */,
				FDF9CCE91BF8708C0070907D /* Supporting Files */,
			);
			path = ShaanxiProvinceLibraryTests;
			sourceTree = "<group>";
		};
		FDF9CCE91BF8708C0070907D /* Supporting Files */ = {
			isa = PBXGroup;
			children = (
				FDF9CCEA1BF8708C0070907D /* Info.plist */,
			);
			name = "Supporting Files";
			sourceTree = "<group>";
		};
		FDFE0A981C089A25008AE8FC /* News */ = {
			isa = PBXGroup;
			children = (
				FDC53A671C89572B0005A0E1 /* DetailNewsViewController.h */,
				FDC53A681C89572B0005A0E1 /* DetailNewsViewController.m */,
				FDC53A691C89572B0005A0E1 /* NewsViewController.h */,
				FDC53A6A1C89572B0005A0E1 /* NewsViewController.m */,
			);
			name = News;
			sourceTree = "<group>";
		};
		FDFE0A991C089A3A008AE8FC /* SearchBooks */ = {
			isa = PBXGroup;
			children = (
				FDC53A581C8957180005A0E1 /* BookContentChildViewController.h */,
				FDC53A591C8957180005A0E1 /* BookContentChildViewController.m */,
				FDC53A5A1C8957180005A0E1 /* BookListChildViewController.h */,
				FDC53A5B1C8957180005A0E1 /* BookListChildViewController.m */,
				FDC53A5C1C8957180005A0E1 /* RecommendBookChildViewController.h */,
				FDC53A5D1C8957180005A0E1 /* RecommendBookChildViewController.m */,
				FDC53A5E1C8957180005A0E1 /* SearchBooksViewController.h */,
				FDC53A5F1C8957180005A0E1 /* SearchBooksViewController.m */,
				FDC53A601C8957180005A0E1 /* ShowBooksMainViewController.h */,
				FDC53A611C8957180005A0E1 /* ShowBooksMainViewController.m */,
			);
			name = SearchBooks;
			sourceTree = "<group>";
		};
/* End PBXGroup section */

/* Begin PBXNativeTarget section */
		FDF9CCCB1BF8708B0070907D /* ShaanxiProvinceLibrary */ = {
			isa = PBXNativeTarget;
			buildConfigurationList = FDF9CCEF1BF8708C0070907D /* Build configuration list for PBXNativeTarget "ShaanxiProvinceLibrary" */;
			buildPhases = (
				533F07CC4DA34B43A8948BD1 /* Check Pods Manifest.lock */,
				FDF9CCC81BF8708B0070907D /* Sources */,
				FDF9CCC91BF8708B0070907D /* Frameworks */,
				FDF9CCCA1BF8708B0070907D /* Resources */,
				07C2780253F9FC30DCFD823B /* Copy Pods Resources */,
			);
			buildRules = (
			);
			dependencies = (
			);
			name = ShaanxiProvinceLibrary;
			productName = ShaanxiProvinceLibrary;
			productReference = FDF9CCCC1BF8708B0070907D /* ShaanxiProvinceLibrary.app */;
			productType = "com.apple.product-type.application";
		};
		FDF9CCE41BF8708C0070907D /* ShaanxiProvinceLibraryTests */ = {
			isa = PBXNativeTarget;
			buildConfigurationList = FDF9CCF21BF8708C0070907D /* Build configuration list for PBXNativeTarget "ShaanxiProvinceLibraryTests" */;
			buildPhases = (
				FDF9CCE11BF8708C0070907D /* Sources */,
				FDF9CCE21BF8708C0070907D /* Frameworks */,
				FDF9CCE31BF8708C0070907D /* Resources */,
			);
			buildRules = (
			);
			dependencies = (
				FDF9CCE71BF8708C0070907D /* PBXTargetDependency */,
			);
			name = ShaanxiProvinceLibraryTests;
			productName = ShaanxiProvinceLibraryTests;
			productReference = FDF9CCE51BF8708C0070907D /* ShaanxiProvinceLibraryTests.xctest */;
			productType = "com.apple.product-type.bundle.unit-test";
		};
/* End PBXNativeTarget section */

/* Begin PBXProject section */
		FDF9CCC41BF8708B0070907D /* Project object */ = {
			isa = PBXProject;
			attributes = {
				LastUpgradeCheck = 0630;
				ORGANIZATIONNAME = Long;
				TargetAttributes = {
					FDF9CCCB1BF8708B0070907D = {
						CreatedOnToolsVersion = 6.3.2;
						DevelopmentTeam = 8LMT578K9H;
					};
					FDF9CCE41BF8708C0070907D = {
						CreatedOnToolsVersion = 6.3.2;
						DevelopmentTeam = EM9UU364KB;
						TestTargetID = FDF9CCCB1BF8708B0070907D;
					};
				};
			};
			buildConfigurationList = FDF9CCC71BF8708B0070907D /* Build configuration list for PBXProject "ShaanxiProvinceLibrary" */;
			compatibilityVersion = "Xcode 3.2";
			developmentRegion = English;
			hasScannedForEncodings = 0;
			knownRegions = (
				en,
				Base,
			);
			mainGroup = FDF9CCC31BF8708B0070907D;
			productRefGroup = FDF9CCCD1BF8708B0070907D /* Products */;
			projectDirPath = "";
			projectRoot = "";
			targets = (
				FDF9CCCB1BF8708B0070907D /* ShaanxiProvinceLibrary */,
				FDF9CCE41BF8708C0070907D /* ShaanxiProvinceLibraryTests */,
			);
		};
/* End PBXProject section */

/* Begin PBXResourcesBuildPhase section */
		FDF9CCCA1BF8708B0070907D /* Resources */ = {
			isa = PBXResourcesBuildPhase;
			buildActionMask = 2147483647;
			files = (
				FD00E6341C8C1FCF0085E34F /* libraries.plist in Resources */,
				FDF9CCDB1BF8708B0070907D /* Main.storyboard in Resources */,
				FDF9CCE01BF8708C0070907D /* LaunchScreen.xib in Resources */,
				FDF9CCDD1BF8708B0070907D /* Images.xcassets in Resources */,
				FDB434A91C3AAB500040DDE1 /* tags.plist in Resources */,
			);
			runOnlyForDeploymentPostprocessing = 0;
		};
		FDF9CCE31BF8708C0070907D /* Resources */ = {
			isa = PBXResourcesBuildPhase;
			buildActionMask = 2147483647;
			files = (
			);
			runOnlyForDeploymentPostprocessing = 0;
		};
/* End PBXResourcesBuildPhase section */

/* Begin PBXShellScriptBuildPhase section */
		07C2780253F9FC30DCFD823B /* Copy Pods Resources */ = {
			isa = PBXShellScriptBuildPhase;
			buildActionMask = 2147483647;
			files = (
			);
			inputPaths = (
			);
			name = "Copy Pods Resources";
			outputPaths = (
			);
			runOnlyForDeploymentPostprocessing = 0;
			shellPath = /bin/sh;
			shellScript = "\"${SRCROOT}/Pods/Target Support Files/Pods/Pods-resources.sh\"\n";
			showEnvVarsInLog = 0;
		};
		533F07CC4DA34B43A8948BD1 /* Check Pods Manifest.lock */ = {
			isa = PBXShellScriptBuildPhase;
			buildActionMask = 2147483647;
			files = (
			);
			inputPaths = (
			);
			name = "Check Pods Manifest.lock";
			outputPaths = (
			);
			runOnlyForDeploymentPostprocessing = 0;
			shellPath = /bin/sh;
			shellScript = "diff \"${PODS_ROOT}/../Podfile.lock\" \"${PODS_ROOT}/Manifest.lock\" > /dev/null\nif [[ $? != 0 ]] ; then\n    cat << EOM\nerror: The sandbox is not in sync with the Podfile.lock. Run 'pod install' or update your CocoaPods installation.\nEOM\n    exit 1\nfi\n";
			showEnvVarsInLog = 0;
		};
/* End PBXShellScriptBuildPhase section */

/* Begin PBXSourcesBuildPhase section */
		FDF9CCC81BF8708B0070907D /* Sources */ = {
			isa = PBXSourcesBuildPhase;
			buildActionMask = 2147483647;
			files = (
				FDF0734E1C9D4FB600AE3577 /* LibraryNPUViewController.m in Sources */,
				FDC53A6B1C89572B0005A0E1 /* DetailNewsViewController.m in Sources */,
				FDA2D79E1C8AFAE500949D50 /* ChooseLibraryViewController.m in Sources */,
				FDC53A4D1C8956260005A0E1 /* BooklistTableViewCell.m in Sources */,
				FD767F291CCFB3D800AA4BED /* HudView.m in Sources */,
				FD00E6321C8C05020085E34F /* GVUserDefaults+library.m in Sources */,
				FDFBB8921BFB5AF50072CC8A /* MottoModel.m in Sources */,
				FDEE5BE41BFCAA7C00AA0171 /* Helper.m in Sources */,
				FDC53A651C8957180005A0E1 /* SearchBooksViewController.m in Sources */,
				FDC53A431C8956140005A0E1 /* BookTagCollectionReusableView.m in Sources */,
				FD767F261CCFB38900AA4BED /* UIViewController+AddView.m in Sources */,
				FD2766931C9D78AE002926CB /* LibraryXidianViewController.m in Sources */,
				FDC53A6C1C89572B0005A0E1 /* NewsViewController.m in Sources */,
				FDC53A571C8957050005A0E1 /* BookTagViewController.m in Sources */,
				FDC53A561C8957050005A0E1 /* BookTagListViewController.m in Sources */,
				FDC53A441C8956140005A0E1 /* BookTagCollectionViewCell.m in Sources */,
				FDF769741BFD56E300734ECA /* ParseHTML.m in Sources */,
				FD84A74A1C970D5F009B6172 /* TagsView.m in Sources */,
				FDC53A661C8957180005A0E1 /* ShowBooksMainViewController.m in Sources */,
				FDC53A641C8957180005A0E1 /* RecommendBookChildViewController.m in Sources */,
				FDF4D3BB1C01A5E400C27381 /* NewsModel.m in Sources */,
				FDC53A631C8957180005A0E1 /* BookListChildViewController.m in Sources */,
				FDC53A551C8957050005A0E1 /* BookTagContentViewController.m in Sources */,
				FDF9CCD51BF8708B0070907D /* AppDelegate.m in Sources */,
				FD6B6AD71C2BCCC100EE517C /* DoubanBookModel.m in Sources */,
				FDC53A3C1C8954B00005A0E1 /* NewsView.m in Sources */,
				FD5853461C0C862500F4C5AF /* BookListModel.m in Sources */,
				FDC53A4E1C8956260005A0E1 /* DoubanContentTableViewCell.m in Sources */,
				FDC53A4C1C8956260005A0E1 /* BookContentTableViewCell.m in Sources */,
				FD5853491C0C86A300F4C5AF /* RecommendedBookModel.m in Sources */,
				FDC53A621C8957180005A0E1 /* BookContentChildViewController.m in Sources */,
				FD54B50A1CA0175500732547 /* LibraryXAUTViewController.m in Sources */,
				FDF9CCD21BF8708B0070907D /* main.m in Sources */,
				FDC53A451C8956140005A0E1 /* BookTagSearchView.m in Sources */,
				FDC53A3B1C8954B00005A0E1 /* NewsTableViewCell.m in Sources */,
			);
			runOnlyForDeploymentPostprocessing = 0;
		};
		FDF9CCE11BF8708C0070907D /* Sources */ = {
			isa = PBXSourcesBuildPhase;
			buildActionMask = 2147483647;
			files = (
				FDF9CCEC1BF8708C0070907D /* ShaanxiProvinceLibraryTests.m in Sources */,
			);
			runOnlyForDeploymentPostprocessing = 0;
		};
/* End PBXSourcesBuildPhase section */

/* Begin PBXTargetDependency section */
		FDF9CCE71BF8708C0070907D /* PBXTargetDependency */ = {
			isa = PBXTargetDependency;
			target = FDF9CCCB1BF8708B0070907D /* ShaanxiProvinceLibrary */;
			targetProxy = FDF9CCE61BF8708C0070907D /* PBXContainerItemProxy */;
		};
/* End PBXTargetDependency section */

/* Begin PBXVariantGroup section */
		FDF9CCD91BF8708B0070907D /* Main.storyboard */ = {
			isa = PBXVariantGroup;
			children = (
				FDF9CCDA1BF8708B0070907D /* Base */,
			);
			name = Main.storyboard;
			sourceTree = "<group>";
		};
		FDF9CCDE1BF8708C0070907D /* LaunchScreen.xib */ = {
			isa = PBXVariantGroup;
			children = (
				FDF9CCDF1BF8708C0070907D /* Base */,
			);
			name = LaunchScreen.xib;
			sourceTree = "<group>";
		};
/* End PBXVariantGroup section */

/* Begin XCBuildConfiguration section */
		FDF9CCED1BF8708C0070907D /* Debug */ = {
			isa = XCBuildConfiguration;
			buildSettings = {
				ALWAYS_SEARCH_USER_PATHS = NO;
				CLANG_CXX_LANGUAGE_STANDARD = "gnu++0x";
				CLANG_CXX_LIBRARY = "libc++";
				CLANG_ENABLE_MODULES = YES;
				CLANG_ENABLE_OBJC_ARC = YES;
				CLANG_WARN_BOOL_CONVERSION = YES;
				CLANG_WARN_CONSTANT_CONVERSION = YES;
				CLANG_WARN_DIRECT_OBJC_ISA_USAGE = YES_ERROR;
				CLANG_WARN_EMPTY_BODY = YES;
				CLANG_WARN_ENUM_CONVERSION = YES;
				CLANG_WARN_INT_CONVERSION = YES;
				CLANG_WARN_OBJC_ROOT_CLASS = YES_ERROR;
				CLANG_WARN_UNREACHABLE_CODE = YES;
				CLANG_WARN__DUPLICATE_METHOD_MATCH = YES;
				CODE_SIGN_IDENTITY = "iPhone Distribution: RunLong Wang (8LMT578K9H)";
				"CODE_SIGN_IDENTITY[sdk=iphoneos*]" = "iPhone Developer: RunLong Wang (BT52MSS5FQ)";
				COPY_PHASE_STRIP = NO;
				DEBUG_INFORMATION_FORMAT = "dwarf-with-dsym";
				ENABLE_BITCODE = NO;
				ENABLE_STRICT_OBJC_MSGSEND = YES;
				GCC_C_LANGUAGE_STANDARD = gnu99;
				GCC_DYNAMIC_NO_PIC = NO;
				GCC_NO_COMMON_BLOCKS = YES;
				GCC_OPTIMIZATION_LEVEL = 0;
				GCC_PREPROCESSOR_DEFINITIONS = (
					"DEBUG=1",
					"$(inherited)",
				);
				GCC_SYMBOLS_PRIVATE_EXTERN = NO;
				GCC_WARN_64_TO_32_BIT_CONVERSION = YES;
				GCC_WARN_ABOUT_RETURN_TYPE = YES_ERROR;
				GCC_WARN_UNDECLARED_SELECTOR = YES;
				GCC_WARN_UNINITIALIZED_AUTOS = YES_AGGRESSIVE;
				GCC_WARN_UNUSED_FUNCTION = YES;
				GCC_WARN_UNUSED_VARIABLE = YES;
				IPHONEOS_DEPLOYMENT_TARGET = 7.0;
				MTL_ENABLE_DEBUG_INFO = YES;
				ONLY_ACTIVE_ARCH = YES;
				PROVISIONING_PROFILE = "00bbbd54-ea88-4121-a23e-1ecec28027c2";
				SDKROOT = iphoneos;
			};
			name = Debug;
		};
		FDF9CCEE1BF8708C0070907D /* Release */ = {
			isa = XCBuildConfiguration;
			buildSettings = {
				ALWAYS_SEARCH_USER_PATHS = NO;
				CLANG_CXX_LANGUAGE_STANDARD = "gnu++0x";
				CLANG_CXX_LIBRARY = "libc++";
				CLANG_ENABLE_MODULES = YES;
				CLANG_ENABLE_OBJC_ARC = YES;
				CLANG_WARN_BOOL_CONVERSION = YES;
				CLANG_WARN_CONSTANT_CONVERSION = YES;
				CLANG_WARN_DIRECT_OBJC_ISA_USAGE = YES_ERROR;
				CLANG_WARN_EMPTY_BODY = YES;
				CLANG_WARN_ENUM_CONVERSION = YES;
				CLANG_WARN_INT_CONVERSION = YES;
				CLANG_WARN_OBJC_ROOT_CLASS = YES_ERROR;
				CLANG_WARN_UNREACHABLE_CODE = YES;
				CLANG_WARN__DUPLICATE_METHOD_MATCH = YES;
				CODE_SIGN_IDENTITY = "iPhone Distribution: RunLong Wang (8LMT578K9H)";
				"CODE_SIGN_IDENTITY[sdk=iphoneos*]" = "iPhone Developer: RunLong Wang (BT52MSS5FQ)";
				COPY_PHASE_STRIP = NO;
				DEBUG_INFORMATION_FORMAT = "dwarf-with-dsym";
				ENABLE_BITCODE = NO;
				ENABLE_NS_ASSERTIONS = NO;
				ENABLE_STRICT_OBJC_MSGSEND = YES;
				GCC_C_LANGUAGE_STANDARD = gnu99;
				GCC_NO_COMMON_BLOCKS = YES;
				GCC_WARN_64_TO_32_BIT_CONVERSION = YES;
				GCC_WARN_ABOUT_RETURN_TYPE = YES_ERROR;
				GCC_WARN_UNDECLARED_SELECTOR = YES;
				GCC_WARN_UNINITIALIZED_AUTOS = YES_AGGRESSIVE;
				GCC_WARN_UNUSED_FUNCTION = YES;
				GCC_WARN_UNUSED_VARIABLE = YES;
				IPHONEOS_DEPLOYMENT_TARGET = 7.0;
				MTL_ENABLE_DEBUG_INFO = NO;
				PROVISIONING_PROFILE = "00bbbd54-ea88-4121-a23e-1ecec28027c2";
				SDKROOT = iphoneos;
				VALIDATE_PRODUCT = YES;
			};
			name = Release;
		};
		FDF9CCF01BF8708C0070907D /* Debug */ = {
			isa = XCBuildConfiguration;
			baseConfigurationReference = 3549C13BCD7A2A195377D6A1 /* Pods.debug.xcconfig */;
			buildSettings = {
				ASSETCATALOG_COMPILER_APPICON_NAME = AppIcon;
				ASSETCATALOG_COMPILER_LAUNCHIMAGE_NAME = LaunchImage;
				CODE_SIGN_IDENTITY = "iPhone Developer: RunLong Wang (BT52MSS5FQ)";
				"CODE_SIGN_IDENTITY[sdk=iphoneos*]" = "iPhone Developer: RunLong Wang (BT52MSS5FQ)";
				FRAMEWORK_SEARCH_PATHS = (
					"$(inherited)",
					"$(PROJECT_DIR)/ShaanxiProvinceLibrary/AzurePush",
				);
				INFOPLIST_FILE = ShaanxiProvinceLibrary/Info.plist;
				IPHONEOS_DEPLOYMENT_TARGET = 7.0;
				LD_RUNPATH_SEARCH_PATHS = "$(inherited) @executable_path/Frameworks";
				PRODUCT_BUNDLE_IDENTIFIER = com.figurewang.ShaanxiProvinceLibrary;
				PRODUCT_NAME = "$(TARGET_NAME)";
				PROVISIONING_PROFILE = "00bbbd54-ea88-4121-a23e-1ecec28027c2";
				USER_HEADER_SEARCH_PATHS = /usr/include/libxml2;
			};
			name = Debug;
		};
		FDF9CCF11BF8708C0070907D /* Release */ = {
			isa = XCBuildConfiguration;
			baseConfigurationReference = 284D3A173B5461CA08E335A5 /* Pods.release.xcconfig */;
			buildSettings = {
				ASSETCATALOG_COMPILER_APPICON_NAME = AppIcon;
				ASSETCATALOG_COMPILER_LAUNCHIMAGE_NAME = LaunchImage;
				CODE_SIGN_IDENTITY = "iPhone Developer: RunLong Wang (BT52MSS5FQ)";
				"CODE_SIGN_IDENTITY[sdk=iphoneos*]" = "iPhone Developer: RunLong Wang (BT52MSS5FQ)";
				FRAMEWORK_SEARCH_PATHS = (
					"$(inherited)",
					"$(PROJECT_DIR)/ShaanxiProvinceLibrary/AzurePush",
				);
				INFOPLIST_FILE = ShaanxiProvinceLibrary/Info.plist;
				IPHONEOS_DEPLOYMENT_TARGET = 7.0;
				LD_RUNPATH_SEARCH_PATHS = "$(inherited) @executable_path/Frameworks";
				PRODUCT_BUNDLE_IDENTIFIER = com.figurewang.ShaanxiProvinceLibrary;
				PRODUCT_NAME = "$(TARGET_NAME)";
				PROVISIONING_PROFILE = "00bbbd54-ea88-4121-a23e-1ecec28027c2";
				USER_HEADER_SEARCH_PATHS = "${SDKROOT}/usr/include/libxml2";
			};
			name = Release;
		};
		FDF9CCF31BF8708C0070907D /* Debug */ = {
			isa = XCBuildConfiguration;
			buildSettings = {
				BUNDLE_LOADER = "$(TEST_HOST)";
				CODE_SIGN_IDENTITY = "iPhone Developer";
				"CODE_SIGN_IDENTITY[sdk=iphoneos*]" = "iPhone Developer";
				FRAMEWORK_SEARCH_PATHS = (
					"$(SDKROOT)/Developer/Library/Frameworks",
					"$(inherited)",
				);
				GCC_PREPROCESSOR_DEFINITIONS = (
					"DEBUG=1",
					"$(inherited)",
				);
				INFOPLIST_FILE = ShaanxiProvinceLibraryTests/Info.plist;
				LD_RUNPATH_SEARCH_PATHS = "$(inherited) @executable_path/Frameworks @loader_path/Frameworks";
				PRODUCT_NAME = "$(TARGET_NAME)";
				PROVISIONING_PROFILE = "";
				TEST_HOST = "$(BUILT_PRODUCTS_DIR)/ShaanxiProvinceLibrary.app/ShaanxiProvinceLibrary";
			};
			name = Debug;
		};
		FDF9CCF41BF8708C0070907D /* Release */ = {
			isa = XCBuildConfiguration;
			buildSettings = {
				BUNDLE_LOADER = "$(TEST_HOST)";
				CODE_SIGN_IDENTITY = "iPhone Developer";
				"CODE_SIGN_IDENTITY[sdk=iphoneos*]" = "iPhone Developer";
				FRAMEWORK_SEARCH_PATHS = (
					"$(SDKROOT)/Developer/Library/Frameworks",
					"$(inherited)",
				);
				INFOPLIST_FILE = ShaanxiProvinceLibraryTests/Info.plist;
				LD_RUNPATH_SEARCH_PATHS = "$(inherited) @executable_path/Frameworks @loader_path/Frameworks";
				PRODUCT_NAME = "$(TARGET_NAME)";
				PROVISIONING_PROFILE = "";
				TEST_HOST = "$(BUILT_PRODUCTS_DIR)/ShaanxiProvinceLibrary.app/ShaanxiProvinceLibrary";
			};
			name = Release;
		};
/* End XCBuildConfiguration section */

/* Begin XCConfigurationList section */
		FDF9CCC71BF8708B0070907D /* Build configuration list for PBXProject "ShaanxiProvinceLibrary" */ = {
			isa = XCConfigurationList;
			buildConfigurations = (
				FDF9CCED1BF8708C0070907D /* Debug */,
				FDF9CCEE1BF8708C0070907D /* Release */,
			);
			defaultConfigurationIsVisible = 0;
			defaultConfigurationName = Debug;
		};
		FDF9CCEF1BF8708C0070907D /* Build configuration list for PBXNativeTarget "ShaanxiProvinceLibrary" */ = {
			isa = XCConfigurationList;
			buildConfigurations = (
				FDF9CCF01BF8708C0070907D /* Debug */,
				FDF9CCF11BF8708C0070907D /* Release */,
			);
			defaultConfigurationIsVisible = 0;
			defaultConfigurationName = Debug;
		};
		FDF9CCF21BF8708C0070907D /* Build configuration list for PBXNativeTarget "ShaanxiProvinceLibraryTests" */ = {
			isa = XCConfigurationList;
			buildConfigurations = (
				FDF9CCF31BF8708C0070907D /* Debug */,
				FDF9CCF41BF8708C0070907D /* Release */,
			);
			defaultConfigurationIsVisible = 0;
			defaultConfigurationName = Debug;
		};
/* End XCConfigurationList section */
	};
	rootObject = FDF9CCC41BF8708B0070907D /* Project object */;
}
